{
  "nodes": {
    "agentic-kit": {
      "flake": false,
      "locked": {
        "lastModified": 1779379174,
        "narHash": "sha256-Zx3mA+d23uLE24nBgJh+5FEGRSCVTDaqcek4gF8w+aA=",
        "ref": "refs/heads/main",
        "rev": "39aa4dde8b211314d681975a05066df8a895a8fb",
        "revCount": 696,
        "type": "git",
        "url": "ssh://git@github.com/amenocturne/agentic-kit"
      },
      "original": {
        "type": "git",
        "url": "ssh://git@github.com/amenocturne/agentic-kit"
      }
    },
    "brew-src": {
      "flake": false,
      "locked": {
        "lastModified": 1778427648,
        "narHash": "sha256-pt9KaDGsMyYWB9JeHs4XGHs870f1lOZe3vx9LpVIhUE=",
        "owner": "Homebrew",
        "repo": "brew",
        "rev": "6f293daa9f9f5832e13b497976335e90509886d7",
        "type": "github"
      },
      "original": {
        "owner": "Homebrew",
        "ref": "5.1.11",
        "repo": "brew",
        "type": "github"
      }
    },
    "caveman": {
      "flake": false,
      "locked": {
        "lastModified": 1779273824,
        "narHash": "sha256-BydREt/vai3j7kO5+e1OxsjXf6Vy+jSY1yA/yyxjHbI=",
        "owner": "JuliusBrussee",
        "repo": "caveman",
        "rev": "655b7d9c5431f822264b7732e9901c5578ac84cf",
        "type": "github"
      },
      "original": {
        "owner": "JuliusBrussee",
        "repo": "caveman",
        "type": "github"
      }
    },
    "clamor": {
      "inputs": {
        "nixpkgs": [
          "nixpkgs"
        ]
      },
      "locked": {
        "lastModified": 1779439377,
        "narHash": "sha256-Cgi/sSvHaF6YLk7hZ2NUvnZqh56Y73wrMBXCzYkA2A8=",
        "owner": "fedor-ivn",
        "repo": "clamor",
        "rev": "cbfc7b8bca6c1f46904ed848a2be724fc8486907",
        "type": "github"
      },
      "original": {
        "owner": "fedor-ivn",
        "ref": "fix/shift-enter-forwarding",
        "repo": "clamor",
        "type": "github"
      }
    },
    "claude-plugins-official": {
      "flake": false,
      "locked": {
        "lastModified": 1779396680,
        "narHash": "sha256-UFlNhWQ5kz8zhOExXacgy+xNJ273dF3v3h1MKdPG5Jk=",
        "owner": "anthropics",
        "repo": "claude-plugins-official",
        "rev": "1d5ba6426aa27bab9dcf69e89b2f119609ce0885",
        "type": "github"
      },
      "original": {
        "owner": "anthropics",
        "repo": "claude-plugins-official",
        "type": "github"
      }
    },
    "disko": {
      "inputs": {
        "nixpkgs": [
          "nixpkgs"
        ]
      },
      "locked": {
        "lastModified": 1779226674,
        "narHash": "sha256-wuOkjI6pRiN4sEn/EPBRnNW5cmcpvd7xtIM8y5LooAs=",
        "owner": "nix-community",
        "repo": "disko",
        "rev": "65fb947964bd44fc0008faf77d1fcb7a9f40bb32",
        "type": "github"
      },
      "original": {
        "owner": "nix-community",
        "repo": "disko",
        "type": "github"
      }
    },
    "flake-parts": {
      "inputs": {
        "nixpkgs-lib": "nixpkgs-lib"
      },
      "locked": {
        "lastModified": 1778716662,
        "narHash": "sha256-m1Yf0wZ8j1OHjTc2UwHwyQRSnNeSgLJOd7q5Y45hzi4=",
        "owner": "hercules-ci",
        "repo": "flake-parts",
        "rev": "f7c1a2d347e4c52d5fb8d10cb4d94b5884e546fb",
        "type": "github"
      },
      "original": {
        "owner": "hercules-ci",
        "repo": "flake-parts",
        "type": "github"
      }
    },
    "flake-parts_2": {
      "inputs": {
        "nixpkgs-lib": "nixpkgs-lib_2"
      },
      "locked": {
        "lastModified": 1763759067,
        "narHash": "sha256-LlLt2Jo/gMNYAwOgdRQBrsRoOz7BPRkzvNaI/fzXi2Q=",
        "owner": "hercules-ci",
        "repo": "flake-parts",
        "rev": "2cccadc7357c0ba201788ae99c4dfa90728ef5e0",
        "type": "github"
      },
      "original": {
        "owner": "hercules-ci",
        "repo": "flake-parts",
        "type": "github"
      }
    },
    "flake-utils": {
      "inputs": {
        "systems": "systems"
      },
      "locked": {
        "lastModified": 1731533236,
        "narHash": "sha256-l0KFg5HjrsfsO/JpG+r7fRrqm12kzFHyUHqHCVpMMbI=",
        "owner": "numtide",
        "repo": "flake-utils",
        "rev": "11707dc2f618dd54ca8739b309ec4fc024de578b",
        "type": "github"
      },
      "original": {
        "owner": "numtide",
        "repo": "flake-utils",
        "type": "github"
      }
    },
    "gws": {
      "inputs": {
        "flake-utils": "flake-utils",
        "nixpkgs": "nixpkgs"
      },
      "locked": {
        "lastModified": 1774983075,
        "narHash": "sha256-YyNIHbyZrLlXYtWxZY8Um19MsnLharmS+nWGWO89fsA=",
        "owner": "googleworkspace",
        "repo": "cli",
        "rev": "a3768d0e82ad83cca2da97724e46bea4ff0e6dbd",
        "type": "github"
      },
      "original": {
        "owner": "googleworkspace",
        "repo": "cli",
        "type": "github"
      }
    },
    "home-manager": {
      "inputs": {
        "nixpkgs": [
          "nixpkgs"
        ]
      },
      "locked": {
        "lastModified": 1779336838,
        "narHash": "sha256-n1+l78hJRABp4cQHKeD0BVByT0vZLPqd09Tvoq8Q+d8=",
        "owner": "nix-community",
        "repo": "home-manager",
        "rev": "928d72376949e222ea4f07b44828a55b0136422e",
        "type": "github"
      },
      "original": {
        "owner": "nix-community",
        "repo": "home-manager",
        "type": "github"
      }
    },
    "homebrew-bundle": {
      "flake": false,
      "locked": {
        "lastModified": 1745335228,
        "narHash": "sha256-TIKR2UgtyUmHLNZp255/vLs+1I10hXe+sciMEbAGFwE=",
        "owner": "homebrew",
        "repo": "homebrew-bundle",
        "rev": "a3265c84b232e13048ecbf6fc18a2eedfadbeb08",
        "type": "github"
      },
      "original": {
        "owner": "homebrew",
        "repo": "homebrew-bundle",
        "type": "github"
      }
    },
    "homebrew-cask": {
      "flake": false,
      "locked": {
        "lastModified": 1779421053,
        "narHash": "sha256-Jz+u4uMIhHfcFrxO3XEWwFefJnn6aNaIn/oPeSFXBL4=",
        "owner": "homebrew",
        "repo": "homebrew-cask",
        "rev": "5fdf1e656a7fdf18b8957ba43782130d8b0b08e3",
        "type": "github"
      },
      "original": {
        "owner": "homebrew",
        "repo": "homebrew-cask",
        "type": "github"
      }
    },
    "homebrew-core": {
      "flake": false,
      "locked": {
        "lastModified": 1779421688,
        "narHash": "sha256-X55w6Q+lsTNz3xkzY5+qZK3T5kvkIX1/rA6kE4HF4W8=",
        "owner": "homebrew",
        "repo": "homebrew-core",
        "rev": "a275516112bbff26ff5c4d6a99fcf261290ade70",
        "type": "github"
      },
      "original": {
        "owner": "homebrew",
        "repo": "homebrew-core",
        "type": "github"
      }
    },
    "mcp-servers-nix": {
      "inputs": {
        "nixpkgs": [
          "nixpkgs"
        ]
      },
      "locked": {
        "lastModified": 1779416154,
        "narHash": "sha256-5hj7ZChPOFWQRBPBDOBjlrIaOlrPNxZR3kaO6Y7VgTE=",
        "owner": "natsukium",
        "repo": "mcp-servers-nix",
        "rev": "064abbace75a4afeaf40914700354723fde52925",
        "type": "github"
      },
      "original": {
        "owner": "natsukium",
        "repo": "mcp-servers-nix",
        "type": "github"
      }
    },
    "nix-darwin": {
      "inputs": {
        "nixpkgs": [
          "nixpkgs"
        ]
      },
      "locked": {
        "lastModified": 1779036909,
        "narHash": "sha256-zXcwYQGCT6pzinK+1dBB2ekTVtfxGZAapb3Evdcu4fY=",
        "owner": "LnL7",
        "repo": "nix-darwin",
        "rev": "56c666e108467d87d13508936aade6d567f2a501",
        "type": "github"
      },
      "original": {
        "owner": "LnL7",
        "repo": "nix-darwin",
        "type": "github"
      }
    },
    "nix-homebrew": {
      "inputs": {
        "brew-src": "brew-src"
      },
      "locked": {
        "lastModified": 1778851564,
        "narHash": "sha256-p8wzcnpB2Iys+QzAKM9/Eyw/pUyqCO3sw/NCnDH4dTE=",
        "owner": "zhaofengli-wip",
        "repo": "nix-homebrew",
        "rev": "b3a87b4793205cc111f3c61e25e018ffac3b8039",
        "type": "github"
      },
      "original": {
        "owner": "zhaofengli-wip",
        "repo": "nix-homebrew",
        "type": "github"
      }
    },
    "nix-index-database": {
      "inputs": {
        "nixpkgs": [
          "nixpkgs"
        ]
      },
      "locked": {
        "lastModified": 1778999127,
        "narHash": "sha256-V5GquqJvAqwFTcpN6hxKSQAtwuJFRUEHmyNKbeaTQDg=",
        "owner": "nix-community",
        "repo": "nix-index-database",
        "rev": "f680e0d3c1dbefe298c423691662e238496890f2",
        "type": "github"
      },
      "original": {
        "owner": "nix-community",
        "repo": "nix-index-database",
        "type": "github"
      }
    },
    "nixos-unified": {
      "locked": {
        "lastModified": 1776963825,
        "narHash": "sha256-h8ohEfNWB6FBHSnCxdWXnPIhseGIg+3+uYPzDxQdAAc=",
        "owner": "srid",
        "repo": "nixos-unified",
        "rev": "d2818c36b8637f9abde16ecf4e81991e43b8529e",
        "type": "github"
      },
      "original": {
        "owner": "srid",
        "repo": "nixos-unified",
        "type": "github"
      }
    },
    "nixpkgs": {
      "locked": {
        "lastModified": 1774709303,
        "narHash": "sha256-D3Q07BbIA2KnTcSXIqqu9P586uWxN74zNoCH3h2ESHg=",
        "owner": "NixOS",
        "repo": "nixpkgs",
        "rev": "8110df5ad7abf5d4c0f6fb0f8f978390e77f9685",
        "type": "github"
      },
      "original": {
        "owner": "NixOS",
        "ref": "nixos-unstable",
        "repo": "nixpkgs",
        "type": "github"
      }
    },
    "nixpkgs-lib": {
      "locked": {
        "lastModified": 1777168982,
        "narHash": "sha256-GOkGPcboWE9BmGCRMLX3worL4EMnsnG8MyKmXNeYuhQ=",
        "owner": "nix-community",
        "repo": "nixpkgs.lib",
        "rev": "f5901329dade4a6ea039af1433fb087bd9c1fe14",
        "type": "github"
      },
      "original": {
        "owner": "nix-community",
        "repo": "nixpkgs.lib",
        "type": "github"
      }
    },
    "nixpkgs-lib_2": {
      "locked": {
        "lastModified": 1761765539,
        "narHash": "sha256-b0yj6kfvO8ApcSE+QmA6mUfu8IYG6/uU28OFn4PaC8M=",
        "owner": "nix-community",
        "repo": "nixpkgs.lib",
        "rev": "719359f4562934ae99f5443f20aa06c2ffff91fc",
        "type": "github"
      },
      "original": {
        "owner": "nix-community",
        "repo": "nixpkgs.lib",
        "type": "github"
      }
    },
    "nixpkgs-stable": {
      "locked": {
        "lastModified": 1779102034,
        "narHash": "sha256-vZJZjLo513IeI8hjzHFc6TDezUd4uCE2Eq4SNO3DNNg=",
        "owner": "nixos",
        "repo": "nixpkgs",
        "rev": "687f05a9184cad4eaf905c48b63649e3a86f5433",
        "type": "github"
      },
      "original": {
        "owner": "nixos",
        "ref": "nixos-25.11",
        "repo": "nixpkgs",
        "type": "github"
      }
    },
    "nixpkgs_2": {
      "locked": {
        "lastModified": 1778869304,
        "narHash": "sha256-30sZNZoA1cqF5JNO9fVX+wgiQYjB7HJqqJ4ztCDeBZE=",
        "owner": "nixos",
        "repo": "nixpkgs",
        "rev": "d233902339c02a9c334e7e593de68855ad26c4cb",
        "type": "github"
      },
      "original": {
        "owner": "nixos",
        "ref": "nixos-unstable",
        "repo": "nixpkgs",
        "type": "github"
      }
    },
    "nixpkgs_3": {
      "locked": {
        "lastModified": 1764950072,
        "narHash": "sha256-BmPWzogsG2GsXZtlT+MTcAWeDK5hkbGRZTeZNW42fwA=",
        "owner": "NixOS",
        "repo": "nixpkgs",
        "rev": "f61125a668a320878494449750330ca58b78c557",
        "type": "github"
      },
      "original": {
        "owner": "NixOS",
        "ref": "nixos-unstable",
        "repo": "nixpkgs",
        "type": "github"
      }
    },
    "nixvim": {
      "inputs": {
        "flake-parts": [
          "flake-parts"
        ],
        "nixpkgs": [
          "nixpkgs"
        ],
        "systems": "systems_2"
      },
      "locked": {
        "lastModified": 1779415812,
        "narHash": "sha256-kNCxRBKYMzX7PC4AGiHV4MV2A0SlBvP/89LJVB/mIDs=",
        "owner": "nix-community",
        "repo": "nixvim",
        "rev": "4503b3c5e99c825ca6055a393f1bb3c95e68ba16",
        "type": "github"
      },
      "original": {
        "owner": "nix-community",
        "repo": "nixvim",
        "type": "github"
      }
    },
    "pyproject-build-systems": {
      "inputs": {
        "nixpkgs": [
          "nixpkgs"
        ],
        "pyproject-nix": [
          "pyproject-nix"
        ],
        "uv2nix": [
          "uv2nix"
        ]
      },
      "locked": {
        "lastModified": 1776659114,
        "narHash": "sha256-qapCOQmR++yZSY43dzrp3wCrkOTLpod+ONtJWBk6iKU=",
        "owner": "pyproject-nix",
        "repo": "build-system-pkgs",
        "rev": "ffaa2161dd5d63e0e94591f86b54fc239660fb2e",
        "type": "github"
      },
      "original": {
        "owner": "pyproject-nix",
        "repo": "build-system-pkgs",
        "type": "github"
      }
    },
    "pyproject-nix": {
      "inputs": {
        "nixpkgs": [
          "nixpkgs"
        ]
      },
      "locked": {
        "lastModified": 1778901413,
        "narHash": "sha256-GSKXTAnFqRAMlZkJrIPcQMYf+lpMr66K3i60mB9STvc=",
        "owner": "pyproject-nix",
        "repo": "pyproject.nix",
        "rev": "a228447c3e179d477c1b6246ef3efa8cfe3c469a",
        "type": "github"
      },
      "original": {
        "owner": "pyproject-nix",
        "repo": "pyproject.nix",
        "type": "github"
      }
    },
    "root": {
      "inputs": {
        "agentic-kit": "agentic-kit",
        "caveman": "caveman",
        "clamor": "clamor",
        "claude-plugins-official": "claude-plugins-official",
        "disko": "disko",
        "flake-parts": "flake-parts",
        "gws": "gws",
        "home-manager": "home-manager",
        "homebrew-bundle": "homebrew-bundle",
        "homebrew-cask": "homebrew-cask",
        "homebrew-core": "homebrew-core",
        "mcp-servers-nix": "mcp-servers-nix",
        "nix-darwin": "nix-darwin",
        "nix-homebrew": "nix-homebrew",
        "nix-index-database": "nix-index-database",
        "nixos-unified": "nixos-unified",
        "nixpkgs": "nixpkgs_2",
        "nixpkgs-stable": "nixpkgs-stable",
        "nixvim": "nixvim",
        "pyproject-build-systems": "pyproject-build-systems",
        "pyproject-nix": "pyproject-nix",
        "secrets": "secrets",
        "sops-nix": "sops-nix",
        "spicetify-nix": "spicetify-nix",
        "telegram-mcp-src": "telegram-mcp-src",
        "uv2nix": "uv2nix",
        "vertex": "vertex",
        "whisply-src": "whisply-src"
      }
    },
    "secrets": {
      "locked": {
        "lastModified": 1779452438,
        "narHash": "sha256-3e+AAGoAXbrVr15MuJbwZNMaKs2TKVAJE/glQ6g7NUg=",
        "ref": "refs/heads/master",
        "rev": "347bc81cf5c430b9027c56da06150fe470010ad0",
        "revCount": 4,
        "type": "git",
        "url": "ssh://git@github.com/fedor-ivn/nix-secrets"
      },
      "original": {
        "type": "git",
        "url": "ssh://git@github.com/fedor-ivn/nix-secrets"
      }
    },
    "sops-nix": {
      "inputs": {
        "nixpkgs": [
          "nixpkgs"
        ]
      },
      "locked": {
        "lastModified": 1777944972,
        "narHash": "sha256-VfGRo1qTBKOe3s2gOv8LSoA6Fk19PvBlwQ1ECN0Evn8=",
        "owner": "Mic92",
        "repo": "sops-nix",
        "rev": "c591bf665727040c6cc5cb409079acb22dcce33c",
        "type": "github"
      },
      "original": {
        "owner": "Mic92",
        "repo": "sops-nix",
        "type": "github"
      }
    },
    "spicetify-nix": {
      "inputs": {
        "nixpkgs": [
          "nixpkgs"
        ],
        "systems": "systems_3"
      },
      "locked": {
        "lastModified": 1779000518,
        "narHash": "sha256-wdtytSnzMe85J/qeXJALMzSLRFTZ1gBHwn81l1PtT8k=",
        "owner": "Gerg-L",
        "repo": "spicetify-nix",
        "rev": "5dde76b38418892ccb3d99e99bed7f8a43ac294c",
        "type": "github"
      },
      "original": {
        "owner": "Gerg-L",
        "repo": "spicetify-nix",
        "type": "github"
      }
    },
    "systems": {
      "locked": {
        "lastModified": 1681028828,
        "narHash": "sha256-Vy1rq5AaRuLzOxct8nz4T6wlgyUR7zLU309k9mBC768=",
        "owner": "nix-systems",
        "repo": "default",
        "rev": "da67096a3b9bf56a91d16901293e51ba5b49a27e",
        "type": "github"
      },
      "original": {
        "owner": "nix-systems",
        "repo": "default",
        "type": "github"
      }
    },
    "systems_2": {
      "locked": {
        "lastModified": 1681028828,
        "narHash": "sha256-Vy1rq5AaRuLzOxct8nz4T6wlgyUR7zLU309k9mBC768=",
        "owner": "nix-systems",
        "repo": "default",
        "rev": "da67096a3b9bf56a91d16901293e51ba5b49a27e",
        "type": "github"
      },
      "original": {
        "owner": "nix-systems",
        "repo": "default",
        "type": "github"
      }
    },
    "systems_3": {
      "locked": {
        "lastModified": 1681028828,
        "narHash": "sha256-Vy1rq5AaRuLzOxct8nz4T6wlgyUR7zLU309k9mBC768=",
        "owner": "nix-systems",
        "repo": "default",
        "rev": "da67096a3b9bf56a91d16901293e51ba5b49a27e",
        "type": "github"
      },
      "original": {
        "owner": "nix-systems",
        "repo": "default",
        "type": "github"
      }
    },
    "telegram-mcp-src": {
      "flake": false,
      "locked": {
        "lastModified": 1775466252,
        "narHash": "sha256-R7Cjd1XFwLDi0cqDcZumpt5ytdn4w5BMmseuUGiC5E0=",
        "owner": "chigwell",
        "repo": "telegram-mcp",
        "rev": "e96a6a8ca20b299051b7d3c48a75c6583d6bd465",
        "type": "github"
      },
      "original": {
        "owner": "chigwell",
        "ref": "v2.0.37",
        "repo": "telegram-mcp",
        "type": "github"
      }
    },
    "uv2nix": {
      "inputs": {
        "nixpkgs": [
          "nixpkgs"
        ],
        "pyproject-nix": [
          "pyproject-nix"
        ]
      },
      "locked": {
        "lastModified": 1779411315,
        "narHash": "sha256-IMFlxeyClau51KplhhSRGhdGTvD/knShHdybP1UOTuk=",
        "owner": "pyproject-nix",
        "repo": "uv2nix",
        "rev": "fdf2a76275d7a9c27deb5d2f2ab33526ac9052ff",
        "type": "github"
      },
      "original": {
        "owner": "pyproject-nix",
        "repo": "uv2nix",
        "type": "github"
      }
    },
    "vertex": {
      "inputs": {
        "flake-parts": "flake-parts_2",
        "nixpkgs": "nixpkgs_3"
      },
      "locked": {
        "lastModified": 1765247860,
        "narHash": "sha256-+owMObXFCbcaMFgyML2/G1as5BTchHzTnOOFIs5Dtgw=",
        "owner": "juspay",
        "repo": "vertex",
        "rev": "3ddbe14df6e886a36a528669e002f1af86c6a187",
        "type": "github"
      },
      "original": {
        "owner": "juspay",
        "repo": "vertex",
        "type": "github"
      }
    },
    "whisply-src": {
      "flake": false,
      "locked": {
        "lastModified": 1775993199,
        "narHash": "sha256-8tqHKEq27ehqYGxGHWSCKFPwb+Yz4yv43txz5xtUeVE=",
        "owner": "fedor-ivn",
        "repo": "whisply",
        "rev": "f9174677ecaebb653ebadd6ad7a2e1a94c6e8bc4",
        "type": "github"
      },
      "original": {
        "owner": "fedor-ivn",
        "ref": "f917467",
        "repo": "whisply",
        "type": "github"
      }
    }
  },
  "root": "root",
  "version": 7
}
